// !$*UTF8*$!
{
	archiveVersion = 1;
	classes = {
	};
	objectVersion = 46;
	objects = {

/* Begin PBXBuildFile section */
		7D79C41A1842CE320093F3C3 /* Foundation.framework in Frameworks */ = {isa = PBXBuildFile; fileRef = 7D79C4191842CE320093F3C3 /* Foundation.framework */; };
		7D79C41C1842CE320093F3C3 /* CoreGraphics.framework in Frameworks */ = {isa = PBXBuildFile; fileRef = 7D79C41B1842CE320093F3C3 /* CoreGraphics.framework */; };
		7D79C41E1842CE320093F3C3 /* UIKit.framework in Frameworks */ = {isa = PBXBuildFile; fileRef = 7D79C41D1842CE320093F3C3 /* UIKit.framework */; };
		7D79C4201842CE320093F3C3 /* CoreData.framework in Frameworks */ = {isa = PBXBuildFile; fileRef = 7D79C41F1842CE320093F3C3 /* CoreData.framework */; };
		7D79C4261842CE320093F3C3 /* InfoPlist.strings in Resources */ = {isa = PBXBuildFile; fileRef = 7D79C4241842CE320093F3C3 /* InfoPlist.strings */; };
		7D79C4281842CE320093F3C3 /* main.m in Sources */ = {isa = PBXBuildFile; fileRef = 7D79C4271842CE320093F3C3 /* main.m */; };
		7D79C42C1842CE320093F3C3 /* TWAppDelegate.m in Sources */ = {isa = PBXBuildFile; fileRef = 7D79C42B1842CE320093F3C3 /* TWAppDelegate.m */; };
		7D79C42F1842CE320093F3C3 /* Thousand_Words.xcdatamodeld in Sources */ = {isa = PBXBuildFile; fileRef = 7D79C42D1842CE320093F3C3 /* Thousand_Words.xcdatamodeld */; };
		7D79C4311842CE320093F3C3 /* Images.xcassets in Resources */ = {isa = PBXBuildFile; fileRef = 7D79C4301842CE320093F3C3 /* Images.xcassets */; };
		7D79C4381842CE330093F3C3 /* XCTest.framework in Frameworks */ = {isa = PBXBuildFile; fileRef = 7D79C4371842CE330093F3C3 /* XCTest.framework */; };
		7D79C4391842CE330093F3C3 /* Foundation.framework in Frameworks */ = {isa = PBXBuildFile; fileRef = 7D79C4191842CE320093F3C3 /* Foundation.framework */; };
		7D79C43A1842CE330093F3C3 /* UIKit.framework in Frameworks */ = {isa = PBXBuildFile; fileRef = 7D79C41D1842CE320093F3C3 /* UIKit.framework */; };
		7D79C43B1842CE330093F3C3 /* CoreData.framework in Frameworks */ = {isa = PBXBuildFile; fileRef = 7D79C41F1842CE320093F3C3 /* CoreData.framework */; };
		7D79C4431842CE330093F3C3 /* InfoPlist.strings in Resources */ = {isa = PBXBuildFile; fileRef = 7D79C4411842CE330093F3C3 /* InfoPlist.strings */; };
		7D79C4451842CE330093F3C3 /* Thousand_WordsTests.m in Sources */ = {isa = PBXBuildFile; fileRef = 7D79C4441842CE330093F3C3 /* Thousand_WordsTests.m */; };
		7D79C44F1842D5640093F3C3 /* Storyboard.storyboard in Resources */ = {isa = PBXBuildFile; fileRef = 7D79C44E1842D5640093F3C3 /* Storyboard.storyboard */; };
		7D79C4521842D6F50093F3C3 /* TWAlbumTableVC.m in Sources */ = {isa = PBXBuildFile; fileRef = 7D79C4511842D6F50093F3C3 /* TWAlbumTableVC.m */; };
		7D79C4581842FF7C0093F3C3 /* TWCoreDataHelper.m in Sources */ = {isa = PBXBuildFile; fileRef = 7D79C4571842FF7C0093F3C3 /* TWCoreDataHelper.m */; };
		7D79C45B184395B10093F3C3 /* TWPhotosCollectionVC.m in Sources */ = {isa = PBXBuildFile; fileRef = 7D79C45A184395B10093F3C3 /* TWPhotosCollectionVC.m */; };
		7D79C45E18439AC00093F3C3 /* TWPhotoCollVCell.m in Sources */ = {isa = PBXBuildFile; fileRef = 7D79C45D18439AC00093F3C3 /* TWPhotoCollVCell.m */; };
		7D79C4601843A0DE0093F3C3 /* Astronaut.jpg in Resources */ = {isa = PBXBuildFile; fileRef = 7D79C45F1843A0DE0093F3C3 /* Astronaut.jpg */; };
		7D79C46318446FD60093F3C3 /* Album.m in Sources */ = {isa = PBXBuildFile; fileRef = 7D79C46218446FD60093F3C3 /* Album.m */; };
		7D79C46618446FD70093F3C3 /* Photo.m in Sources */ = {isa = PBXBuildFile; fileRef = 7D79C46518446FD70093F3C3 /* Photo.m */; };
		7D79C46A1844BB170093F3C3 /* TWPictureDataTransformer.m in Sources */ = {isa = PBXBuildFile; fileRef = 7D79C4691844BB170093F3C3 /* TWPictureDataTransformer.m */; };
		7D79C46D184501900093F3C3 /* TWPhotoDetailVC.m in Sources */ = {isa = PBXBuildFile; fileRef = 7D79C46C184501900093F3C3 /* TWPhotoDetailVC.m */; };
		7D79C4711845A1580093F3C3 /* TWFiltersCollVC.m in Sources */ = {isa = PBXBuildFile; fileRef = 7D79C4701845A1580093F3C3 /* TWFiltersCollVC.m */; };
/* End PBXBuildFile section */

/* Begin PBXContainerItemProxy section */
		7D79C43C1842CE330093F3C3 /* PBXContainerItemProxy */ = {
			isa = PBXContainerItemProxy;
			containerPortal = 7D79C40E1842CE320093F3C3 /* Project object */;
			proxyType = 1;
			remoteGlobalIDString = 7D79C4151842CE320093F3C3;
			remoteInfo = "Thousand Words";
		};
/* End PBXContainerItemProxy section */

/* Begin PBXFileReference section */
		7D79C4161842CE320093F3C3 /* Thousand Words.app */ = {isa = PBXFileReference; explicitFileType = wrapper.application; includeInIndex = 0; path = "Thousand Words.app"; sourceTree = BUILT_PRODUCTS_DIR; };
		7D79C4191842CE320093F3C3 /* Foundation.framework */ = {isa = PBXFileReference; lastKnownFileType = wrapper.framework; name = Foundation.framework; path = System/Library/Frameworks/Foundation.framework; sourceTree = SDKROOT; };
		7D79C41B1842CE320093F3C3 /* CoreGraphics.framework */ = {isa = PBXFileReference; lastKnownFileType = wrapper.framework; name = CoreGraphics.framework; path = System/Library/Frameworks/CoreGraphics.framework; sourceTree = SDKROOT; };
		7D79C41D1842CE320093F3C3 /* UIKit.framework */ = {isa = PBXFileReference; lastKnownFileType = wrapper.framework; name = UIKit.framework; path = System/Library/Frameworks/UIKit.framework; sourceTree = SDKROOT; };
		7D79C41F1842CE320093F3C3 /* CoreData.framework */ = {isa = PBXFileReference; lastKnownFileType = wrapper.framework; name = CoreData.framework; path = System/Library/Frameworks/CoreData.framework; sourceTree = SDKROOT; };
		7D79C4231842CE320093F3C3 /* Thousand Words-Info.plist */ = {isa = PBXFileReference; lastKnownFileType = text.plist.xml; path = "Thousand Words-Info.plist"; sourceTree = "<group>"; };
		7D79C4251842CE320093F3C3 /* en */ = {isa = PBXFileReference; lastKnownFileType = text.plist.strings; name = en; path = en.lproj/InfoPlist.strings; sourceTree = "<group>"; };
		7D79C4271842CE320093F3C3 /* main.m */ = {isa = PBXFileReference; lastKnownFileType = sourcecode.c.objc; path = main.m; sourceTree = "<group>"; };
		7D79C4291842CE320093F3C3 /* Thousand Words-Prefix.pch */ = {isa = PBXFileReference; lastKnownFileType = sourcecode.c.h; path = "Thousand Words-Prefix.pch"; sourceTree = "<group>"; };
		7D79C42A1842CE320093F3C3 /* TWAppDelegate.h */ = {isa = PBXFileReference; lastKnownFileType = sourcecode.c.h; path = TWAppDelegate.h; sourceTree = "<group>"; };
		7D79C42B1842CE320093F3C3 /* TWAppDelegate.m */ = {isa = PBXFileReference; lastKnownFileType = sourcecode.c.objc; path = TWAppDelegate.m; sourceTree = "<group>"; };
		7D79C42E1842CE320093F3C3 /* Thousand_Words.xcdatamodel */ = {isa = PBXFileReference; lastKnownFileType = wrapper.xcdatamodel; path = Thousand_Words.xcdatamodel; sourceTree = "<group>"; };
		7D79C4301842CE320093F3C3 /* Images.xcassets */ = {isa = PBXFileReference; lastKnownFileType = folder.assetcatalog; path = Images.xcassets; sourceTree = "<group>"; };
		7D79C4361842CE330093F3C3 /* Thousand WordsTests.xctest */ = {isa = PBXFileReference; explicitFileType = wrapper.cfbundle; includeInIndex = 0; path = "Thousand WordsTests.xctest"; sourceTree = BUILT_PRODUCTS_DIR; };
		7D79C4371842CE330093F3C3 /* XCTest.framework */ = {isa = PBXFileReference; lastKnownFileType = wrapper.framework; name = XCTest.framework; path = Library/Frameworks/XCTest.framework; sourceTree = DEVELOPER_DIR; };
		7D79C4401842CE330093F3C3 /* Thousand WordsTests-Info.plist */ = {isa = PBXFileReference; lastKnownFileType = text.plist.xml; path = "Thousand WordsTests-Info.plist"; sourceTree = "<group>"; };
		7D79C4421842CE330093F3C3 /* en */ = {isa = PBXFileReference; lastKnownFileType = text.plist.strings; name = en; path = en.lproj/InfoPlist.strings; sourceTree = "<group>"; };
		7D79C4441842CE330093F3C3 /* Thousand_WordsTests.m */ = {isa = PBXFileReference; lastKnownFileType = sourcecode.c.objc; path = Thousand_WordsTests.m; sourceTree = "<group>"; };
		7D79C44E1842D5640093F3C3 /* Storyboard.storyboard */ = {isa = PBXFileReference; fileEncoding = 4; lastKnownFileType = file.storyboard; path = Storyboard.storyboard; sourceTree = "<group>"; };
		7D79C4501842D6F50093F3C3 /* TWAlbumTableVC.h */ = {isa = PBXFileReference; fileEncoding = 4; lastKnownFileType = sourcecode.c.h; path = TWAlbumTableVC.h; sourceTree = "<group>"; };
		7D79C4511842D6F50093F3C3 /* TWAlbumTableVC.m */ = {isa = PBXFileReference; fileEncoding = 4; lastKnownFileType = sourcecode.c.objc; path = TWAlbumTableVC.m; sourceTree = "<group>"; };
		7D79C4561842FF7C0093F3C3 /* TWCoreDataHelper.h */ = {isa = PBXFileReference; fileEncoding = 4; lastKnownFileType = sourcecode.c.h; path = TWCoreDataHelper.h; sourceTree = "<group>"; };
		7D79C4571842FF7C0093F3C3 /* TWCoreDataHelper.m */ = {isa = PBXFileReference; fileEncoding = 4; lastKnownFileType = sourcecode.c.objc; path = TWCoreDataHelper.m; sourceTree = "<group>"; };
		7D79C459184395B10093F3C3 /* TWPhotosCollectionVC.h */ = {isa = PBXFileReference; fileEncoding = 4; lastKnownFileType = sourcecode.c.h; path = TWPhotosCollectionVC.h; sourceTree = "<group>"; };
		7D79C45A184395B10093F3C3 /* TWPhotosCollectionVC.m */ = {isa = PBXFileReference; fileEncoding = 4; lastKnownFileType = sourcecode.c.objc; path = TWPhotosCollectionVC.m; sourceTree = "<group>"; };
		7D79C45C18439AC00093F3C3 /* TWPhotoCollVCell.h */ = {isa = PBXFileReference; fileEncoding = 4; lastKnownFileType = sourcecode.c.h; path = TWPhotoCollVCell.h; sourceTree = "<group>"; };
		7D79C45D18439AC00093F3C3 /* TWPhotoCollVCell.m */ = {isa = PBXFileReference; fileEncoding = 4; lastKnownFileType = sourcecode.c.objc; path = TWPhotoCollVCell.m; sourceTree = "<group>"; };
		7D79C45F1843A0DE0093F3C3 /* Astronaut.jpg */ = {isa = PBXFileReference; lastKnownFileType = image.jpeg; path = Astronaut.jpg; sourceTree = "<group>"; };
		7D79C46118446FD60093F3C3 /* Album.h */ = {isa = PBXFileReference; fileEncoding = 4; lastKnownFileType = sourcecode.c.h; path = Album.h; sourceTree = "<group>"; };
		7D79C46218446FD60093F3C3 /* Album.m */ = {isa = PBXFileReference; fileEncoding = 4; lastKnownFileType = sourcecode.c.objc; path = Album.m; sourceTree = "<group>"; };
		7D79C46418446FD70093F3C3 /* Photo.h */ = {isa = PBXFileReference; fileEncoding = 4; lastKnownFileType = sourcecode.c.h; path = Photo.h; sourceTree = "<group>"; };
		7D79C46518446FD70093F3C3 /* Photo.m */ = {isa = PBXFileReference; fileEncoding = 4; lastKnownFileType = sourcecode.c.objc; path = Photo.m; sourceTree = "<group>"; };
		7D79C4681844BB170093F3C3 /* TWPictureDataTransformer.h */ = {isa = PBXFileReference; fileEncoding = 4; lastKnownFileType = sourcecode.c.h; path = TWPictureDataTransformer.h; sourceTree = "<group>"; };
		7D79C4691844BB170093F3C3 /* TWPictureDataTransformer.m */ = {isa = PBXFileReference; fileEncoding = 4; lastKnownFileType = sourcecode.c.objc; path = TWPictureDataTransformer.m; sourceTree = "<group>"; };
		7D79C46B184501900093F3C3 /* TWPhotoDetailVC.h */ = {isa = PBXFileReference; fileEncoding = 4; lastKnownFileType = sourcecode.c.h; path = TWPhotoDetailVC.h; sourceTree = "<group>"; };
		7D79C46C184501900093F3C3 /* TWPhotoDetailVC.m */ = {isa = PBXFileReference; fileEncoding = 4; lastKnownFileType = sourcecode.c.objc; path = TWPhotoDetailVC.m; sourceTree = "<group>"; };
		7D79C46F1845A1580093F3C3 /* TWFiltersCollVC.h */ = {isa = PBXFileReference; fileEncoding = 4; lastKnownFileType = sourcecode.c.h; path = TWFiltersCollVC.h; sourceTree = "<group>"; };
		7D79C4701845A1580093F3C3 /* TWFiltersCollVC.m */ = {isa = PBXFileReference; fileEncoding = 4; lastKnownFileType = sourcecode.c.objc; path = TWFiltersCollVC.m; sourceTree = "<group>"; };
/* End PBXFileReference section */

/* Begin PBXFrameworksBuildPhase section */
		7D79C4131842CE320093F3C3 /* Frameworks */ = {
			isa = PBXFrameworksBuildPhase;
			buildActionMask = 2147483647;
			files = (
				7D79C41C1842CE320093F3C3 /* CoreGraphics.framework in Frameworks */,
				7D79C4201842CE320093F3C3 /* CoreData.framework in Frameworks */,
				7D79C41E1842CE320093F3C3 /* UIKit.framework in Frameworks */,
				7D79C41A1842CE320093F3C3 /* Foundation.framework in Frameworks */,
			);
			runOnlyForDeploymentPostprocessing = 0;
		};
		7D79C4331842CE330093F3C3 /* Frameworks */ = {
			isa = PBXFrameworksBuildPhase;
			buildActionMask = 2147483647;
			files = (
				7D79C4381842CE330093F3C3 /* XCTest.framework in Frameworks */,
				7D79C43B1842CE330093F3C3 /* CoreData.framework in Frameworks */,
				7D79C43A1842CE330093F3C3 /* UIKit.framework in Frameworks */,
				7D79C4391842CE330093F3C3 /* Foundation.framework in Frameworks */,
			);
			runOnlyForDeploymentPostprocessing = 0;
		};
/* End PBXFrameworksBuildPhase section */

/* Begin PBXGroup section */
		7D79C40D1842CE320093F3C3 = {
			isa = PBXGroup;
			children = (
				7D79C4211842CE320093F3C3 /* Thousand Words */,
				7D79C43E1842CE330093F3C3 /* Thousand WordsTests */,
				7D79C4181842CE320093F3C3 /* Frameworks */,
				7D79C4171842CE320093F3C3 /* Products */,
			);
			sourceTree = "<group>";
		};
		7D79C4171842CE320093F3C3 /* Products */ = {
			isa = PBXGroup;
			children = (
				7D79C4161842CE320093F3C3 /* Thousand Words.app */,
				7D79C4361842CE330093F3C3 /* Thousand WordsTests.xctest */,
			);
			name = Products;
			sourceTree = "<group>";
		};
		7D79C4181842CE320093F3C3 /* Frameworks */ = {
			isa = PBXGroup;
			children = (
				7D79C4191842CE320093F3C3 /* Foundation.framework */,
				7D79C41B1842CE320093F3C3 /* CoreGraphics.framework */,
				7D79C41D1842CE320093F3C3 /* UIKit.framework */,
				7D79C41F1842CE320093F3C3 /* CoreData.framework */,
				7D79C4371842CE330093F3C3 /* XCTest.framework */,
			);
			name = Frameworks;
			sourceTree = "<group>";
		};
		7D79C4211842CE320093F3C3 /* Thousand Words */ = {
			isa = PBXGroup;
			children = (
				7D79C44E1842D5640093F3C3 /* Storyboard.storyboard */,
				7D79C46F1845A1580093F3C3 /* TWFiltersCollVC.h */,
				7D79C4701845A1580093F3C3 /* TWFiltersCollVC.m */,
				7D79C46B184501900093F3C3 /* TWPhotoDetailVC.h */,
				7D79C46C184501900093F3C3 /* TWPhotoDetailVC.m */,
				7D79C45C18439AC00093F3C3 /* TWPhotoCollVCell.h */,
				7D79C45D18439AC00093F3C3 /* TWPhotoCollVCell.m */,
				7D79C459184395B10093F3C3 /* TWPhotosCollectionVC.h */,
				7D79C45A184395B10093F3C3 /* TWPhotosCollectionVC.m */,
				7D79C4501842D6F50093F3C3 /* TWAlbumTableVC.h */,
				7D79C4511842D6F50093F3C3 /* TWAlbumTableVC.m */,
				7D79C4561842FF7C0093F3C3 /* TWCoreDataHelper.h */,
				7D79C4571842FF7C0093F3C3 /* TWCoreDataHelper.m */,
				7D79C4301842CE320093F3C3 /* Images.xcassets */,
				7D79C46718446FFC0093F3C3 /* CoreData */,
				7D79C4221842CE320093F3C3 /* Supporting Files */,
			);
			path = "Thousand Words";
			sourceTree = "<group>";
		};
		7D79C4221842CE320093F3C3 /* Supporting Files */ = {
			isa = PBXGroup;
			children = (
				7D79C45F1843A0DE0093F3C3 /* Astronaut.jpg */,
				7D79C42A1842CE320093F3C3 /* TWAppDelegate.h */,
				7D79C42B1842CE320093F3C3 /* TWAppDelegate.m */,
				7D79C4231842CE320093F3C3 /* Thousand Words-Info.plist */,
				7D79C4241842CE320093F3C3 /* InfoPlist.strings */,
				7D79C4271842CE320093F3C3 /* main.m */,
				7D79C4291842CE320093F3C3 /* Thousand Words-Prefix.pch */,
			);
			name = "Supporting Files";
			sourceTree = "<group>";
		};
		7D79C43E1842CE330093F3C3 /* Thousand WordsTests */ = {
			isa = PBXGroup;
			children = (
				7D79C4441842CE330093F3C3 /* Thousand_WordsTests.m */,
				7D79C43F1842CE330093F3C3 /* Supporting Files */,
			);
			path = "Thousand WordsTests";
			sourceTree = "<group>";
		};
		7D79C43F1842CE330093F3C3 /* Supporting Files */ = {
			isa = PBXGroup;
			children = (
				7D79C4401842CE330093F3C3 /* Thousand WordsTests-Info.plist */,
				7D79C4411842CE330093F3C3 /* InfoPlist.strings */,
			);
			name = "Supporting Files";
			sourceTree = "<group>";
		};
		7D79C46718446FFC0093F3C3 /* CoreData */ = {
			isa = PBXGroup;
			children = (
				7D79C4681844BB170093F3C3 /* TWPictureDataTransformer.h */,
				7D79C4691844BB170093F3C3 /* TWPictureDataTransformer.m */,
				7D79C46118446FD60093F3C3 /* Album.h */,
				7D79C46418446FD70093F3C3 /* Photo.h */,
				7D79C46518446FD70093F3C3 /* Photo.m */,
				7D79C46218446FD60093F3C3 /* Album.m */,
				7D79C42D1842CE320093F3C3 /* Thousand_Words.xcdatamodeld */,
			);
			name = CoreData;
			sourceTree = "<group>";
		};
/* End PBXGroup section */

/* Begin PBXNativeTarget section */
		7D79C4151842CE320093F3C3 /* Thousand Words */ = {
			isa = PBXNativeTarget;
			buildConfigurationList = 7D79C4481842CE330093F3C3 /* Build configuration list for PBXNativeTarget "Thousand Words" */;
			buildPhases = (
				7D79C4121842CE320093F3C3 /* Sources */,
				7D79C4131842CE320093F3C3 /* Frameworks */,
				7D79C4141842CE320093F3C3 /* Resources */,
			);
			buildRules = (
			);
			dependencies = (
			);
			name = "Thousand Words";
			productName = "Thousand Words";
			productReference = 7D79C4161842CE320093F3C3 /* Thousand Words.app */;
			productType = "com.apple.product-type.application";
		};
		7D79C4351842CE330093F3C3 /* Thousand WordsTests */ = {
			isa = PBXNativeTarget;
			buildConfigurationList = 7D79C44B1842CE330093F3C3 /* Build configuration list for PBXNativeTarget "Thousand WordsTests" */;
			buildPhases = (
				7D79C4321842CE330093F3C3 /* Sources */,
				7D79C4331842CE330093F3C3 /* Frameworks */,
				7D79C4341842CE330093F3C3 /* Resources */,
			);
			buildRules = (
			);
			dependencies = (
				7D79C43D1842CE330093F3C3 /* PBXTargetDependency */,
			);
			name = "Thousand WordsTests";
			productName = "Thousand WordsTests";
			productReference = 7D79C4361842CE330093F3C3 /* Thousand WordsTests.xctest */;
			productType = "com.apple.product-type.bundle.unit-test";
		};
/* End PBXNativeTarget section */

/* Begin PBXProject section */
		7D79C40E1842CE320093F3C3 /* Project object */ = {
			isa = PBXProject;
			attributes = {
				CLASSPREFIX = TW;
				LastUpgradeCheck = 0500;
				ORGANIZATIONNAME = "Jimzy Lui";
				TargetAttributes = {
					7D79C4351842CE330093F3C3 = {
						TestTargetID = 7D79C4151842CE320093F3C3;
					};
				};
			};
			buildConfigurationList = 7D79C4111842CE320093F3C3 /* Build configuration list for PBXProject "Thousand Words" */;
			compatibilityVersion = "Xcode 3.2";
			developmentRegion = English;
			hasScannedForEncodings = 0;
			knownRegions = (
				en,
			);
			mainGroup = 7D79C40D1842CE320093F3C3;
			productRefGroup = 7D79C4171842CE320093F3C3 /* Products */;
			projectDirPath = "";
			projectRoot = "";
			targets = (
				7D79C4151842CE320093F3C3 /* Thousand Words */,
				7D79C4351842CE330093F3C3 /* Thousand WordsTests */,
			);
		};
/* End PBXProject section */

/* Begin PBXResourcesBuildPhase section */
		7D79C4141842CE320093F3C3 /* Resources */ = {
			isa = PBXResourcesBuildPhase;
			buildActionMask = 2147483647;
			files = (
				7D79C4261842CE320093F3C3 /* InfoPlist.strings in Resources */,
				7D79C4601843A0DE0093F3C3 /* Astronaut.jpg in Resources */,
				7D79C4311842CE320093F3C3 /* Images.xcassets in Resources */,
				7D79C44F1842D5640093F3C3 /* Storyboard.storyboard in Resources */,
			);
			runOnlyForDeploymentPostprocessing = 0;
		};
		7D79C4341842CE330093F3C3 /* Resources */ = {
			isa = PBXResourcesBuildPhase;
			buildActionMask = 2147483647;
			files = (
				7D79C4431842CE330093F3C3 /* InfoPlist.strings in Resources */,
			);
			runOnlyForDeploymentPostprocessing = 0;
		};
/* End PBXResourcesBuildPhase section */

/* Begin PBXSourcesBuildPhase section */
		7D79C4121842CE320093F3C3 /* Sources */ = {
			isa = PBXSourcesBuildPhase;
			buildActionMask = 2147483647;
			files = (
				7D79C4521842D6F50093F3C3 /* TWAlbumTableVC.m in Sources */,
				7D79C46A1844BB170093F3C3 /* TWPictureDataTransformer.m in Sources */,
				7D79C4281842CE320093F3C3 /* main.m in Sources */,
				7D79C4711845A1580093F3C3 /* TWFiltersCollVC.m in Sources */,
				7D79C45E18439AC00093F3C3 /* TWPhotoCollVCell.m in Sources */,
				7D79C46618446FD70093F3C3 /* Photo.m in Sources */,
				7D79C46318446FD60093F3C3 /* Album.m in Sources */,
				7D79C46D184501900093F3C3 /* TWPhotoDetailVC.m in Sources */,
				7D79C42C1842CE320093F3C3 /* TWAppDelegate.m in Sources */,
				7D79C45B184395B10093F3C3 /* TWPhotosCollectionVC.m in Sources */,
				7D79C42F1842CE320093F3C3 /* Thousand_Words.xcdatamodeld in Sources */,
				7D79C4581842FF7C0093F3C3 /* TWCoreDataHelper.m in Sources */,
			);
			runOnlyForDeploymentPostprocessing = 0;
		};
		7D79C4321842CE330093F3C3 /* Sources */ = {
			isa = PBXSourcesBuildPhase;
			buildActionMask = 2147483647;
			files = (
				7D79C4451842CE330093F3C3 /* Thousand_WordsTests.m in Sources */,
			);
			runOnlyForDeploymentPostprocessing = 0;
		};
/* End PBXSourcesBuildPhase section */

/* Begin PBXTargetDependency section */
		7D79C43D1842CE330093F3C3 /* PBXTargetDependency */ = {
			isa = PBXTargetDependency;
			target = 7D79C4151842CE320093F3C3 /* Thousand Words */;
			targetProxy = 7D79C43C1842CE330093F3C3 /* PBXContainerItemProxy */;
		};
/* End PBXTargetDependency section */

/* Begin PBXVariantGroup section */
		7D79C4241842CE320093F3C3 /* InfoPlist.strings */ = {
			isa = PBXVariantGroup;
			children = (
				7D79C4251842CE320093F3C3 /* en */,
			);
			name = InfoPlist.strings;
			sourceTree = "<group>";
		};
		7D79C4411842CE330093F3C3 /* InfoPlist.strings */ = {
			isa = PBXVariantGroup;
			children = (
				7D79C4421842CE330093F3C3 /* en */,
			);
			name = InfoPlist.strings;
			sourceTree = "<group>";
		};
/* End PBXVariantGroup section */

/* Begin XCBuildConfiguration section */
		7D79C4461842CE330093F3C3 /* Debug */ = {
			isa = XCBuildConfiguration;
			buildSettings = {
				ALWAYS_SEARCH_USER_PATHS = NO;
				ARCHS = "$(ARCHS_STANDARD_INCLUDING_64_BIT)";
				CLANG_CXX_LANGUAGE_STANDARD = "gnu++0x";
				CLANG_CXX_LIBRARY = "libc++";
				CLANG_ENABLE_MODULES = YES;
				CLANG_ENABLE_OBJC_ARC = YES;
				CLANG_WARN_BOOL_CONVERSION = YES;
				CLANG_WARN_CONSTANT_CONVERSION = YES;
				CLANG_WARN_DIRECT_OBJC_ISA_USAGE = YES_ERROR;
				CLANG_WARN_EMPTY_BODY = YES;
				CLANG_WARN_ENUM_CONVERSION = YES;
				CLANG_WARN_INT_CONVERSION = YES;
				CLANG_WARN_OBJC_ROOT_CLASS = YES_ERROR;
				CLANG_WARN__DUPLICATE_METHOD_MATCH = YES;
				"CODE_SIGN_IDENTITY[sdk=iphoneos*]" = "iPhone Developer";
				COPY_PHASE_STRIP = NO;
				GCC_C_LANGUAGE_STANDARD = gnu99;
				GCC_DYNAMIC_NO_PIC = NO;
				GCC_OPTIMIZATION_LEVEL = 0;
				GCC_PREPROCESSOR_DEFINITIONS = (
					"DEBUG=1",
					"$(inherited)",
				);
				GCC_SYMBOLS_PRIVATE_EXTERN = NO;
				GCC_WARN_64_TO_32_BIT_CONVERSION = YES;
				GCC_WARN_ABOUT_RETURN_TYPE = YES_ERROR;
				GCC_WARN_UNDECLARED_SELECTOR = YES;
				GCC_WARN_UNINITIALIZED_AUTOS = YES;
				GCC_WARN_UNUSED_FUNCTION = YES;
				GCC_WARN_UNUSED_VARIABLE = YES;
				IPHONEOS_DEPLOYMENT_TARGET = 7.0;
				ONLY_ACTIVE_ARCH = YES;
				SDKROOT = iphoneos;
			};
			name = Debug;
		};
		7D79C4471842CE330093F3C3 /* Release */ = {
			isa = XCBuildConfiguration;
			buildSettings = {
				ALWAYS_SEARCH_USER_PATHS = NO;
				ARCHS = "$(ARCHS_STANDARD_INCLUDING_64_BIT)";
				CLANG_CXX_LANGUAGE_STANDARD = "gnu++0x";
				CLANG_CXX_LIBRARY = "libc++";
				CLANG_ENABLE_MODULES = YES;
				CLANG_ENABLE_OBJC_ARC = YES;
				CLANG_WARN_BOOL_CONVERSION = YES;
				CLANG_WARN_CONSTANT_CONVERSION = YES;
				CLANG_WARN_DIRECT_OBJC_ISA_USAGE = YES_ERROR;
				CLANG_WARN_EMPTY_BODY = YES;
				CLANG_WARN_ENUM_CONVERSION = YES;
				CLANG_WARN_INT_CONVERSION = YES;
				CLANG_WARN_OBJC_ROOT_CLASS = YES_ERROR;
				CLANG_WARN__DUPLICATE_METHOD_MATCH = YES;
				"CODE_SIGN_IDENTITY[sdk=iphoneos*]" = "iPhone Developer";
				COPY_PHASE_STRIP = YES;
				ENABLE_NS_ASSERTIONS = NO;
				GCC_C_LANGUAGE_STANDARD = gnu99;
				GCC_WARN_64_TO_32_BIT_CONVERSION = YES;
				GCC_WARN_ABOUT_RETURN_TYPE = YES_ERROR;
				GCC_WARN_UNDECLARED_SELECTOR = YES;
				GCC_WARN_UNINITIALIZED_AUTOS = YES;
				GCC_WARN_UNUSED_FUNCTION = YES;
				GCC_WARN_UNUSED_VARIABLE = YES;
				IPHONEOS_DEPLOYMENT_TARGET = 7.0;
				SDKROOT = iphoneos;
				VALIDATE_PRODUCT = YES;
			};
			name = Release;
		};
		7D79C4491842CE330093F3C3 /* Debug */ = {
			isa = XCBuildConfiguration;
			buildSettings = {
				ASSETCATALOG_COMPILER_APPICON_NAME = AppIcon;
				ASSETCATALOG_COMPILER_LAUNCHIMAGE_NAME = LaunchImage;
				GCC_PRECOMPILE_PREFIX_HEADER = YES;
				GCC_PREFIX_HEADER = "Thousand Words/Thousand Words-Prefix.pch";
				INFOPLIST_FILE = "Thousand Words/Thousand Words-Info.plist";
				PRODUCT_NAME = "$(TARGET_NAME)";
				WRAPPER_EXTENSION = app;
			};
			name = Debug;
		};
		7D79C44A1842CE330093F3C3 /* Release */ = {
			isa = XCBuildConfiguration;
			buildSettings = {
				ASSETCATALOG_COMPILER_APPICON_NAME = AppIcon;
				ASSETCATALOG_COMPILER_LAUNCHIMAGE_NAME = LaunchImage;
				GCC_PRECOMPILE_PREFIX_HEADER = YES;
				GCC_PREFIX_HEADER = "Thousand Words/Thousand Words-Prefix.pch";
				INFOPLIST_FILE = "Thousand Words/Thousand Words-Info.plist";
				PRODUCT_NAME = "$(TARGET_NAME)";
				WRAPPER_EXTENSION = app;
			};
			name = Release;
		};
		7D79C44C1842CE330093F3C3 /* Debug */ = {
			isa = XCBuildConfiguration;
			buildSettings = {
				ARCHS = "$(ARCHS_STANDARD_INCLUDING_64_BIT)";
				BUNDLE_LOADER = "$(BUILT_PRODUCTS_DIR)/Thousand Words.app/Thousand Words";
				FRAMEWORK_SEARCH_PATHS = (
					"$(SDKROOT)/Developer/Library/Frameworks",
					"$(inherited)",
					"$(DEVELOPER_FRAMEWORKS_DIR)",
				);
				GCC_PRECOMPILE_PREFIX_HEADER = YES;
				GCC_PREFIX_HEADER = "Thousand Words/Thousand Words-Prefix.pch";
				GCC_PREPROCESSOR_DEFINITIONS = (
					"DEBUG=1",
					"$(inherited)",
				);
				INFOPLIST_FILE = "Thousand WordsTests/Thousand WordsTests-Info.plist";
				PRODUCT_NAME = "$(TARGET_NAME)";
				TEST_HOST = "$(BUNDLE_LOADER)";
				WRAPPER_EXTENSION = xctest;
			};
			name = Debug;
		};
		7D79C44D1842CE330093F3C3 /* Release */ = {
			isa = XCBuildConfiguration;
			buildSettings = {
				ARCHS = "$(ARCHS_STANDARD_INCLUDING_64_BIT)";
				BUNDLE_LOADER = "$(BUILT_PRODUCTS_DIR)/Thousand Words.app/Thousand Words";
				FRAMEWORK_SEARCH_PATHS = (
					"$(SDKROOT)/Developer/Library/Frameworks",
					"$(inherited)",
					"$(DEVELOPER_FRAMEWORKS_DIR)",
				);
				GCC_PRECOMPILE_PREFIX_HEADER = YES;
				GCC_PREFIX_HEADER = "Thousand Words/Thousand Words-Prefix.pch";
				INFOPLIST_FILE = "Thousand WordsTests/Thousand WordsTests-Info.plist";
				PRODUCT_NAME = "$(TARGET_NAME)";
				TEST_HOST = "$(BUNDLE_LOADER)";
				WRAPPER_EXTENSION = xctest;
			};
			name = Release;
		};
/* End XCBuildConfiguration section */

/* Begin XCConfigurationList section */
		7D79C4111842CE320093F3C3 /* Build configuration list for PBXProject "Thousand Words" */ = {
			isa = XCConfigurationList;
			buildConfigurations = (
				7D79C4461842CE330093F3C3 /* Debug */,
				7D79C4471842CE330093F3C3 /* Release */,
			);
			defaultConfigurationIsVisible = 0;
			defaultConfigurationName = Release;
		};
		7D79C4481842CE330093F3C3 /* Build configuration list for PBXNativeTarget "Thousand Words" */ = {
			isa = XCConfigurationList;
			buildConfigurations = (
				7D79C4491842CE330093F3C3 /* Debug */,
				7D79C44A1842CE330093F3C3 /* Release */,
			);
			defaultConfigurationIsVisible = 0;
			defaultConfigurationName = Release;
		};
		7D79C44B1842CE330093F3C3 /* Build configuration list for PBXNativeTarget "Thousand WordsTests" */ = {
			isa = XCConfigurationList;
			buildConfigurations = (
				7D79C44C1842CE330093F3C3 /* Debug */,
				7D79C44D1842CE330093F3C3 /* Release */,
			);
			defaultConfigurationIsVisible = 0;
			defaultConfigurationName = Release;
		};
/* End XCConfigurationList section */

/* Begin XCVersionGroup section */
		7D79C42D1842CE320093F3C3 /* Thousand_Words.xcdatamodeld */ = {
			isa = XCVersionGroup;
			children = (
				7D79C42E1842CE320093F3C3 /* Thousand_Words.xcdatamodel */,
			);
			currentVersion = 7D79C42E1842CE320093F3C3 /* Thousand_Words.xcdatamodel */;
			path = Thousand_Words.xcdatamodeld;
			sourceTree = "<group>";
			versionGroupType = wrapper.xcdatamodel;
		};
/* End XCVersionGroup section */
	};
	rootObject = 7D79C40E1842CE320093F3C3 /* Project object */;
}
